lockVersion: 2.0.0
id: c924c5ab-492e-4b18-866b-fc7f83b2a6cb
management:
  docChecksum: f22d50ed7aa4956c14ae35514eb114c1
  docVersion: 1.0.0
  speakeasyVersion: internal
  generationVersion: 2.258.2
  releaseVersion: 5.0.2
  configChecksum: e6903dce2028bd7fed6a17a8a30613ba
  repoURL: https://github.com/speakeasy-sdks/speakeasy-bar-sample-sdk-18.git
  repoSubDirectory: .
  installationURL: https://github.com/speakeasy-sdks/speakeasy-bar-sample-sdk-18.git
features:
  python:
    core: 4.4.6
    errors: 2.81.8
    examples: 2.81.3
    globalSecurity: 2.83.2
    globalServerURLs: 2.82.1
    inputOutputModels: 2.83.1
    methodSecurity: 2.82.1
    methodServerURLs: 2.82.1
    retries: 2.82.1
    serverIDs: 2.81.1
generatedFiles:
  - src/the_speakeasy_bar/sdkconfiguration.py
  - src/the_speakeasy_bar/authentication.py
  - src/the_speakeasy_bar/drinks.py
  - src/the_speakeasy_bar/ingredients.py
  - src/the_speakeasy_bar/orders.py
  - src/the_speakeasy_bar/config.py
  - src/the_speakeasy_bar/sdk.py
  - pylintrc
  - setup.py
  - src/the_speakeasy_bar/__init__.py
  - src/the_speakeasy_bar/utils/__init__.py
  - src/the_speakeasy_bar/utils/retries.py
  - src/the_speakeasy_bar/utils/utils.py
  - src/the_speakeasy_bar/models/errors/sdkerror.py
  - tests/helpers.py
  - src/the_speakeasy_bar/models/operations/login.py
  - src/the_speakeasy_bar/models/operations/getdrink.py
  - src/the_speakeasy_bar/models/operations/listdrinks.py
  - src/the_speakeasy_bar/models/operations/listingredients.py
  - src/the_speakeasy_bar/models/operations/createorder.py
  - src/the_speakeasy_bar/models/operations/subscribetowebhooks.py
  - src/the_speakeasy_bar/models/shared/error.py
  - src/the_speakeasy_bar/models/shared/drink.py
  - src/the_speakeasy_bar/models/shared/drinktype.py
  - src/the_speakeasy_bar/models/shared/ingredient.py
  - src/the_speakeasy_bar/models/shared/ingredienttype.py
  - src/the_speakeasy_bar/models/shared/order.py
  - src/the_speakeasy_bar/models/shared/ordertype.py
  - src/the_speakeasy_bar/models/shared/order_input.py
  - src/the_speakeasy_bar/models/shared/security.py
  - src/the_speakeasy_bar/models/shared/ingredient_input.py
  - src/the_speakeasy_bar/models/shared/drink_input.py
  - src/the_speakeasy_bar/models/errors/apierror.py
  - src/the_speakeasy_bar/models/errors/badrequest.py
  - src/the_speakeasy_bar/models/callbacks/createorder.py
  - src/the_speakeasy_bar/models/webhooks/stockupdate.py
  - src/the_speakeasy_bar/models/__init__.py
  - src/the_speakeasy_bar/models/errors/__init__.py
  - src/the_speakeasy_bar/models/operations/__init__.py
  - src/the_speakeasy_bar/models/shared/__init__.py
  - src/the_speakeasy_bar/models/callbacks/__init__.py
  - src/the_speakeasy_bar/models/webhooks/__init__.py
  - docs/models/operations/loginsecurity.md
  - docs/models/operations/type.md
  - docs/models/operations/loginrequestbody.md
  - docs/models/operations/loginresponsebody.md
  - docs/models/operations/loginresponse.md
  - docs/models/operations/getdrinkrequest.md
  - docs/models/operations/getdrinkresponse.md
  - docs/models/operations/listdrinksrequest.md
  - docs/models/operations/listdrinksresponse.md
  - docs/models/operations/listingredientsrequest.md
  - docs/models/operations/listingredientsresponse.md
  - docs/models/operations/createorderrequest.md
  - docs/models/operations/createorderresponse.md
  - docs/models/operations/webhook.md
  - docs/models/operations/requestbody.md
  - docs/models/operations/subscribetowebhooksresponse.md
  - docs/models/shared/error.md
  - docs/models/shared/drink.md
  - docs/models/shared/drinktype.md
  - docs/models/shared/ingredient.md
  - docs/models/shared/ingredienttype.md
  - docs/models/shared/status.md
  - docs/models/shared/order.md
  - docs/models/shared/ordertype.md
  - docs/models/shared/orderinput.md
  - docs/models/shared/security.md
  - docs/models/shared/ingredientinput.md
  - docs/models/shared/drinkinput.md
  - docs/models/errors/apierror.md
  - docs/models/errors/badrequest.md
  - docs/models/callbacks/createorderorderupdateresponse.md
  - docs/models/callbacks/createorderorderupdaterequestbody.md
  - docs/models/webhooks/stockupdateresponse.md
  - docs/models/webhooks/stockupdaterequestbody.md
  - docs/sdks/thespeakeasybar/README.md
  - docs/sdks/authentication/README.md
  - docs/sdks/drinks/README.md
  - docs/sdks/ingredients/README.md
  - docs/sdks/orders/README.md
  - docs/models/utils/retryconfig.md
  - docs/sdks/config/README.md
  - USAGE.md
  - .gitattributes
